// !$*UTF8*$!
{
	archiveVersion = 1;
	classes = {
	};
	objectVersion = 50;
	objects = {

/* Begin PBXBuildFile section */
		9459218626E9F159008B2F00 /* Constant.swift in Sources */ = {isa = PBXBuildFile; fileRef = 9459218526E9F159008B2F00 /* Constant.swift */; };
		94C01FC326E934CF005C5C2D /* DevoteApp.swift in Sources */ = {isa = PBXBuildFile; fileRef = 94C01FC226E934CF005C5C2D /* DevoteApp.swift */; };
		94C01FC526E934CF005C5C2D /* ContentView.swift in Sources */ = {isa = PBXBuildFile; fileRef = 94C01FC426E934CF005C5C2D /* ContentView.swift */; };
		94C01FC726E934D2005C5C2D /* Assets.xcassets in Resources */ = {isa = PBXBuildFile; fileRef = 94C01FC626E934D2005C5C2D /* Assets.xcassets */; };
		94C01FCA26E934D2005C5C2D /* Preview Assets.xcassets in Resources */ = {isa = PBXBuildFile; fileRef = 94C01FC926E934D2005C5C2D /* Preview Assets.xcassets */; };
		94C01FCC26E934D2005C5C2D /* Persistence.swift in Sources */ = {isa = PBXBuildFile; fileRef = 94C01FCB26E934D2005C5C2D /* Persistence.swift */; };
		94C01FCF26E934D2005C5C2D /* Devote.xcdatamodeld in Sources */ = {isa = PBXBuildFile; fileRef = 94C01FCD26E934D2005C5C2D /* Devote.xcdatamodeld */; };
		94C01FD926E93578005C5C2D /* sound-tap.mp3 in Resources */ = {isa = PBXBuildFile; fileRef = 94C01FD626E93577005C5C2D /* sound-tap.mp3 */; };
		94C01FDA26E93578005C5C2D /* sound-ding.mp3 in Resources */ = {isa = PBXBuildFile; fileRef = 94C01FD726E93577005C5C2D /* sound-ding.mp3 */; };
		94C01FDB26E93578005C5C2D /* sound-rise.mp3 in Resources */ = {isa = PBXBuildFile; fileRef = 94C01FD826E93578005C5C2D /* sound-rise.mp3 */; };
/* End PBXBuildFile section */

/* Begin PBXFileReference section */
		9459218526E9F159008B2F00 /* Constant.swift */ = {isa = PBXFileReference; lastKnownFileType = sourcecode.swift; path = Constant.swift; sourceTree = "<group>"; };
		94C01FBF26E934CF005C5C2D /* Devote.app */ = {isa = PBXFileReference; explicitFileType = wrapper.application; includeInIndex = 0; path = Devote.app; sourceTree = BUILT_PRODUCTS_DIR; };
		94C01FC226E934CF005C5C2D /* DevoteApp.swift */ = {isa = PBXFileReference; lastKnownFileType = sourcecode.swift; path = DevoteApp.swift; sourceTree = "<group>"; };
		94C01FC426E934CF005C5C2D /* ContentView.swift */ = {isa = PBXFileReference; lastKnownFileType = sourcecode.swift; path = ContentView.swift; sourceTree = "<group>"; };
		94C01FC626E934D2005C5C2D /* Assets.xcassets */ = {isa = PBXFileReference; lastKnownFileType = folder.assetcatalog; path = Assets.xcassets; sourceTree = "<group>"; };
		94C01FC926E934D2005C5C2D /* Preview Assets.xcassets */ = {isa = PBXFileReference; lastKnownFileType = folder.assetcatalog; path = "Preview Assets.xcassets"; sourceTree = "<group>"; };
		94C01FCB26E934D2005C5C2D /* Persistence.swift */ = {isa = PBXFileReference; lastKnownFileType = sourcecode.swift; path = Persistence.swift; sourceTree = "<group>"; };
		94C01FCE26E934D2005C5C2D /* Devote.xcdatamodel */ = {isa = PBXFileReference; lastKnownFileType = wrapper.xcdatamodel; path = Devote.xcdatamodel; sourceTree = "<group>"; };
		94C01FD026E934D2005C5C2D /* Info.plist */ = {isa = PBXFileReference; lastKnownFileType = text.plist.xml; path = Info.plist; sourceTree = "<group>"; };
		94C01FD626E93577005C5C2D /* sound-tap.mp3 */ = {isa = PBXFileReference; lastKnownFileType = audio.mp3; path = "sound-tap.mp3"; sourceTree = "<group>"; };
		94C01FD726E93577005C5C2D /* sound-ding.mp3 */ = {isa = PBXFileReference; lastKnownFileType = audio.mp3; path = "sound-ding.mp3"; sourceTree = "<group>"; };
		94C01FD826E93578005C5C2D /* sound-rise.mp3 */ = {isa = PBXFileReference; lastKnownFileType = audio.mp3; path = "sound-rise.mp3"; sourceTree = "<group>"; };
/* End PBXFileReference section */

/* Begin PBXFrameworksBuildPhase section */
		94C01FBC26E934CF005C5C2D /* Frameworks */ = {
			isa = PBXFrameworksBuildPhase;
			buildActionMask = 2147483647;
			files = (
			);
			runOnlyForDeploymentPostprocessing = 0;
		};
/* End PBXFrameworksBuildPhase section */

/* Begin PBXGroup section */
		94C01FB626E934CF005C5C2D = {
			isa = PBXGroup;
			children = (
				94C01FC126E934CF005C5C2D /* Devote */,
				94C01FC026E934CF005C5C2D /* Products */,
			);
			sourceTree = "<group>";
		};
		94C01FC026E934CF005C5C2D /* Products */ = {
			isa = PBXGroup;
			children = (
				94C01FBF26E934CF005C5C2D /* Devote.app */,
			);
			name = Products;
			sourceTree = "<group>";
		};
		94C01FC126E934CF005C5C2D /* Devote */ = {
			isa = PBXGroup;
			children = (
				94C01FC226E934CF005C5C2D /* DevoteApp.swift */,
				94C01FDD26E935A8005C5C2D /* View */,
				94C01FC626E934D2005C5C2D /* Assets.xcassets */,
				94C01FDE26E935AE005C5C2D /* Extension */,
				94C01FDF26E935B3005C5C2D /* Utility */,
				94C01FE026E935B9005C5C2D /* Style */,
				94C01FE126E935C9005C5C2D /* Model */,
				94C01FDC26E9359C005C5C2D /* Sound */,
				94C01FD026E934D2005C5C2D /* Info.plist */,
				94C01FC826E934D2005C5C2D /* Preview Content */,
			);
			path = Devote;
			sourceTree = "<group>";
		};
		94C01FC826E934D2005C5C2D /* Preview Content */ = {
			isa = PBXGroup;
			children = (
				94C01FC926E934D2005C5C2D /* Preview Assets.xcassets */,
			);
			path = "Preview Content";
			sourceTree = "<group>";
		};
		94C01FDC26E9359C005C5C2D /* Sound */ = {
			isa = PBXGroup;
			children = (
				94C01FD726E93577005C5C2D /* sound-ding.mp3 */,
				94C01FD826E93578005C5C2D /* sound-rise.mp3 */,
				94C01FD626E93577005C5C2D /* sound-tap.mp3 */,
			);
			path = Sound;
			sourceTree = "<group>";
		};
		94C01FDD26E935A8005C5C2D /* View */ = {
			isa = PBXGroup;
			children = (
				94C01FC426E934CF005C5C2D /* ContentView.swift */,
			);
			path = View;
			sourceTree = "<group>";
		};
		94C01FDE26E935AE005C5C2D /* Extension */ = {
			isa = PBXGroup;
			children = (
			);
			path = Extension;
			sourceTree = "<group>";
		};
		94C01FDF26E935B3005C5C2D /* Utility */ = {
			isa = PBXGroup;
			children = (
				9459218526E9F159008B2F00 /* Constant.swift */,
			);
			path = Utility;
			sourceTree = "<group>";
		};
		94C01FE026E935B9005C5C2D /* Style */ = {
			isa = PBXGroup;
			children = (
			);
			path = Style;
			sourceTree = "<group>";
		};
		94C01FE126E935C9005C5C2D /* Model */ = {
			isa = PBXGroup;
			children = (
				94C01FCB26E934D2005C5C2D /* Persistence.swift */,
				94C01FCD26E934D2005C5C2D /* Devote.xcdatamodeld */,
			);
			path = Model;
			sourceTree = "<group>";
		};
/* End PBXGroup section */

/* Begin PBXNativeTarget section */
		94C01FBE26E934CF005C5C2D /* Devote */ = {
			isa = PBXNativeTarget;
			buildConfigurationList = 94C01FD326E934D2005C5C2D /* Build configuration list for PBXNativeTarget "Devote" */;
			buildPhases = (
				94C01FBB26E934CF005C5C2D /* Sources */,
				94C01FBC26E934CF005C5C2D /* Frameworks */,
				94C01FBD26E934CF005C5C2D /* Resources */,
			);
			buildRules = (
			);
			dependencies = (
			);
			name = Devote;
			productName = Devote;
			productReference = 94C01FBF26E934CF005C5C2D /* Devote.app */;
			productType = "com.apple.product-type.application";
		};
/* End PBXNativeTarget section */

/* Begin PBXProject section */
		94C01FB726E934CF005C5C2D /* Project object */ = {
			isa = PBXProject;
			attributes = {
				LastSwiftUpdateCheck = 1250;
				LastUpgradeCheck = 1250;
				TargetAttributes = {
					94C01FBE26E934CF005C5C2D = {
						CreatedOnToolsVersion = 12.5.1;
					};
				};
			};
			buildConfigurationList = 94C01FBA26E934CF005C5C2D /* Build configuration list for PBXProject "Devote" */;
			compatibilityVersion = "Xcode 9.3";
			developmentRegion = en;
			hasScannedForEncodings = 0;
			knownRegions = (
				en,
				Base,
			);
			mainGroup = 94C01FB626E934CF005C5C2D;
			productRefGroup = 94C01FC026E934CF005C5C2D /* Products */;
			projectDirPath = "";
			projectRoot = "";
			targets = (
				94C01FBE26E934CF005C5C2D /* Devote */,
			);
		};
/* End PBXProject section */

/* Begin PBXResourcesBuildPhase section */
		94C01FBD26E934CF005C5C2D /* Resources */ = {
			isa = PBXResourcesBuildPhase;
			buildActionMask = 2147483647;
			files = (
				94C01FDB26E93578005C5C2D /* sound-rise.mp3 in Resources */,
				94C01FDA26E93578005C5C2D /* sound-ding.mp3 in Resources */,
				94C01FD926E93578005C5C2D /* sound-tap.mp3 in Resources */,
				94C01FCA26E934D2005C5C2D /* Preview Assets.xcassets in Resources */,
				94C01FC726E934D2005C5C2D /* Assets.xcassets in Resources */,
			);
			runOnlyForDeploymentPostprocessing = 0;
		};
/* End PBXResourcesBuildPhase section */

/* Begin PBXSourcesBuildPhase section */
		94C01FBB26E934CF005C5C2D /* Sources */ = {
			isa = PBXSourcesBuildPhase;
			buildActionMask = 2147483647;
			files = (
				94C01FCC26E934D2005C5C2D /* Persistence.swift in Sources */,
				94C01FC526E934CF005C5C2D /* ContentView.swift in Sources */,
				9459218626E9F159008B2F00 /* Constant.swift in Sources */,
				94C01FCF26E934D2005C5C2D /* Devote.xcdatamodeld in Sources */,
				94C01FC326E934CF005C5C2D /* DevoteApp.swift in Sources */,
			);
			runOnlyForDeploymentPostprocessing = 0;
		};
/* End PBXSourcesBuildPhase section */

/* Begin XCBuildConfiguration section */
		94C01FD126E934D2005C5C2D /* Debug */ = {
			isa = XCBuildConfiguration;
			buildSettings = {
				ALWAYS_SEARCH_USER_PATHS = NO;
				CLANG_ANALYZER_NONNULL = YES;
				CLANG_ANALYZER_NUMBER_OBJECT_CONVERSION = YES_AGGRESSIVE;
				CLANG_CXX_LANGUAGE_STANDARD = "gnu++14";
				CLANG_CXX_LIBRARY = "libc++";
				CLANG_ENABLE_MODULES = YES;
				CLANG_ENABLE_OBJC_ARC = YES;
				CLANG_ENABLE_OBJC_WEAK = YES;
				CLANG_WARN_BLOCK_CAPTURE_AUTORELEASING = YES;
				CLANG_WARN_BOOL_CONVERSION = YES;
				CLANG_WARN_COMMA = YES;
				CLANG_WARN_CONSTANT_CONVERSION = YES;
				CLANG_WARN_DEPRECATED_OBJC_IMPLEMENTATIONS = YES;
				CLANG_WARN_DIRECT_OBJC_ISA_USAGE = YES_ERROR;
				CLANG_WARN_DOCUMENTATION_COMMENTS = YES;
				CLANG_WARN_EMPTY_BODY = YES;
				CLANG_WARN_ENUM_CONVERSION = YES;
				CLANG_WARN_INFINITE_RECURSION = YES;
				CLANG_WARN_INT_CONVERSION = YES;
				CLANG_WARN_NON_LITERAL_NULL_CONVERSION = YES;
				CLANG_WARN_OBJC_IMPLICIT_RETAIN_SELF = YES;
				CLANG_WARN_OBJC_LITERAL_CONVERSION = YES;
				CLANG_WARN_OBJC_ROOT_CLASS = YES_ERROR;
				CLANG_WARN_QUOTED_INCLUDE_IN_FRAMEWORK_HEADER = YES;
				CLANG_WARN_RANGE_LOOP_ANALYSIS = YES;
				CLANG_WARN_STRICT_PROTOTYPES = YES;
				CLANG_WARN_SUSPICIOUS_MOVE = YES;
				CLANG_WARN_UNGUARDED_AVAILABILITY = YES_AGGRESSIVE;
				CLANG_WARN_UNREACHABLE_CODE = YES;
				CLANG_WARN__DUPLICATE_METHOD_MATCH = YES;
				COPY_PHASE_STRIP = NO;
				DEBUG_INFORMATION_FORMAT = dwarf;
				ENABLE_STRICT_OBJC_MSGSEND = YES;
				ENABLE_TESTABILITY = YES;
				GCC_C_LANGUAGE_STANDARD = gnu11;
				GCC_DYNAMIC_NO_PIC = NO;
				GCC_NO_COMMON_BLOCKS = YES;
				GCC_OPTIMIZATION_LEVEL = 0;
				GCC_PREPROCESSOR_DEFINITIONS = (
					"DEBUG=1",
					"$(inherited)",
				);
				GCC_WARN_64_TO_32_BIT_CONVERSION = YES;
				GCC_WARN_ABOUT_RETURN_TYPE = YES_ERROR;
				GCC_WARN_UNDECLARED_SELECTOR = YES;
				GCC_WARN_UNINITIALIZED_AUTOS = YES_AGGRESSIVE;
				GCC_WARN_UNUSED_FUNCTION = YES;
				GCC_WARN_UNUSED_VARIABLE = YES;
				IPHONEOS_DEPLOYMENT_TARGET = 14.5;
				MTL_ENABLE_DEBUG_INFO = INCLUDE_SOURCE;
				MTL_FAST_MATH = YES;
				ONLY_ACTIVE_ARCH = YES;
				SDKROOT = iphoneos;
				SWIFT_ACTIVE_COMPILATION_CONDITIONS = DEBUG;
				SWIFT_OPTIMIZATION_LEVEL = "-Onone";
			};
			name = Debug;
		};
		94C01FD226E934D2005C5C2D /* Release */ = {
			isa = XCBuildConfiguration;
			buildSettings = {
				ALWAYS_SEARCH_USER_PATHS = NO;
				CLANG_ANALYZER_NONNULL = YES;
				CLANG_ANALYZER_NUMBER_OBJECT_CONVERSION = YES_AGGRESSIVE;
				CLANG_CXX_LANGUAGE_STANDARD = "gnu++14";
				CLANG_CXX_LIBRARY = "libc++";
				CLANG_ENABLE_MODULES = YES;
				CLANG_ENABLE_OBJC_ARC = YES;
				CLANG_ENABLE_OBJC_WEAK = YES;
				CLANG_WARN_BLOCK_CAPTURE_AUTORELEASING = YES;
				CLANG_WARN_BOOL_CONVERSION = YES;
				CLANG_WARN_COMMA = YES;
				CLANG_WARN_CONSTANT_CONVERSION = YES;
				CLANG_WARN_DEPRECATED_OBJC_IMPLEMENTATIONS = YES;
				CLANG_WARN_DIRECT_OBJC_ISA_USAGE = YES_ERROR;
				CLANG_WARN_DOCUMENTATION_COMMENTS = YES;
				CLANG_WARN_EMPTY_BODY = YES;
				CLANG_WARN_ENUM_CONVERSION = YES;
				CLANG_WARN_INFINITE_RECURSION = YES;
				CLANG_WARN_INT_CONVERSION = YES;
				CLANG_WARN_NON_LITERAL_NULL_CONVERSION = YES;
				CLANG_WARN_OBJC_IMPLICIT_RETAIN_SELF = YES;
				CLANG_WARN_OBJC_LITERAL_CONVERSION = YES;
				CLANG_WARN_OBJC_ROOT_CLASS = YES_ERROR;
				CLANG_WARN_QUOTED_INCLUDE_IN_FRAMEWORK_HEADER = YES;
				CLANG_WARN_RANGE_LOOP_ANALYSIS = YES;
				CLANG_WARN_STRICT_PROTOTYPES = YES;
				CLANG_WARN_SUSPICIOUS_MOVE = YES;
				CLANG_WARN_UNGUARDED_AVAILABILITY = YES_AGGRESSIVE;
				CLANG_WARN_UNREACHABLE_CODE = YES;
				CLANG_WARN__DUPLICATE_METHOD_MATCH = YES;
				COPY_PHASE_STRIP = NO;
				DEBUG_INFORMATION_FORMAT = "dwarf-with-dsym";
				ENABLE_NS_ASSERTIONS = NO;
				ENABLE_STRICT_OBJC_MSGSEND = YES;
				GCC_C_LANGUAGE_STANDARD = gnu11;
				GCC_NO_COMMON_BLOCKS = YES;
				GCC_WARN_64_TO_32_BIT_CONVERSION = YES;
				GCC_WARN_ABOUT_RETURN_TYPE = YES_ERROR;
				GCC_WARN_UNDECLARED_SELECTOR = YES;
				GCC_WARN_UNINITIALIZED_AUTOS = YES_AGGRESSIVE;
				GCC_WARN_UNUSED_FUNCTION = YES;
				GCC_WARN_UNUSED_VARIABLE = YES;
				IPHONEOS_DEPLOYMENT_TARGET = 14.5;
				MTL_ENABLE_DEBUG_INFO = NO;
				MTL_FAST_MATH = YES;
				SDKROOT = iphoneos;
				SWIFT_COMPILATION_MODE = wholemodule;
				SWIFT_OPTIMIZATION_LEVEL = "-O";
				VALIDATE_PRODUCT = YES;
			};
			name = Release;
		};
		94C01FD426E934D2005C5C2D /* Debug */ = {
			isa = XCBuildConfiguration;
			buildSettings = {
				ASSETCATALOG_COMPILER_APPICON_NAME = AppIcon;
				ASSETCATALOG_COMPILER_GLOBAL_ACCENT_COLOR_NAME = AccentColor;
				CODE_SIGN_STYLE = Automatic;
				DEVELOPMENT_ASSET_PATHS = "\"Devote/Preview Content\"";
				DEVELOPMENT_TEAM = U6776J7J4W;
				ENABLE_PREVIEWS = YES;
				INFOPLIST_FILE = Devote/Info.plist;
				IPHONEOS_DEPLOYMENT_TARGET = 14.0;
				LD_RUNPATH_SEARCH_PATHS = (
					"$(inherited)",
					"@executable_path/Frameworks",
				);
				PRODUCT_BUNDLE_IDENTIFIER = com.sadik.Devote;
				PRODUCT_NAME = "$(TARGET_NAME)";
				SWIFT_VERSION = 5.0;
				TARGETED_DEVICE_FAMILY = "1,2";
			};
			name = Debug;
		};
		94C01FD526E934D2005C5C2D /* Release */ = {
			isa = XCBuildConfiguration;
			buildSettings = {
				ASSETCATALOG_COMPILER_APPICON_NAME = AppIcon;
				ASSETCATALOG_COMPILER_GLOBAL_ACCENT_COLOR_NAME = AccentColor;
				CODE_SIGN_STYLE = Automatic;
				DEVELOPMENT_ASSET_PATHS = "\"Devote/Preview Content\"";
				DEVELOPMENT_TEAM = U6776J7J4W;
				ENABLE_PREVIEWS = YES;
				INFOPLIST_FILE = Devote/Info.plist;
				IPHONEOS_DEPLOYMENT_TARGET = 14.0;
				LD_RUNPATH_SEARCH_PATHS = (
					"$(inherited)",
					"@executable_path/Frameworks",
				);
				PRODUCT_BUNDLE_IDENTIFIER = com.sadik.Devote;
				PRODUCT_NAME = "$(TARGET_NAME)";
				SWIFT_VERSION = 5.0;
				TARGETED_DEVICE_FAMILY = "1,2";
			};
			name = Release;
		};
/* End XCBuildConfiguration section */

/* Begin XCConfigurationList section */
		94C01FBA26E934CF005C5C2D /* Build configuration list for PBXProject "Devote" */ = {
			isa = XCConfigurationList;
			buildConfigurations = (
				94C01FD126E934D2005C5C2D /* Debug */,
				94C01FD226E934D2005C5C2D /* Release */,
			);
			defaultConfigurationIsVisible = 0;
			defaultConfigurationName = Release;
		};
		94C01FD326E934D2005C5C2D /* Build configuration list for PBXNativeTarget "Devote" */ = {
			isa = XCConfigurationList;
			buildConfigurations = (
				94C01FD426E934D2005C5C2D /* Debug */,
				94C01FD526E934D2005C5C2D /* Release */,
			);
			defaultConfigurationIsVisible = 0;
			defaultConfigurationName = Release;
		};
/* End XCConfigurationList section */

/* Begin XCVersionGroup section */
		94C01FCD26E934D2005C5C2D /* Devote.xcdatamodeld */ = {
			isa = XCVersionGroup;
			children = (
				94C01FCE26E934D2005C5C2D /* Devote.xcdatamodel */,
			);
			currentVersion = 94C01FCE26E934D2005C5C2D /* Devote.xcdatamodel */;
			path = Devote.xcdatamodeld;
			sourceTree = "<group>";
			versionGroupType = wrapper.xcdatamodel;
		};
/* End XCVersionGroup section */
	};
	rootObject = 94C01FB726E934CF005C5C2D /* Project object */;
}
